
Microsoft Visual Studio Solution File, Format Version 12.00
# Visual Studio 2013
VisualStudioVersion = 12.0.31101.0
MinimumVisualStudioVersion = 10.0.40219.1
Project("{FAE04EC0-301F-11D3-BF4B-00C04F79EFBC}") = "UnitTestDemo", "UnitTestDemo.csproj", "{3BF838E6-4F8D-4F73-8CB2-C28ECD2DAA9D}"
EndProject
Project("{FAE04EC0-301F-11D3-BF4B-00C04F79EFBC}") = "DataAccessLayer", "DataAccessLayer\DataAccessLayer.csproj", "{B7A9BC00-384B-42D9-8864-D133AF8D8B6D}"
EndProject
Project("{FAE04EC0-301F-11D3-BF4B-00C04F79EFBC}") = "WebApplication", "WebApplication\WebApplication.csproj", "{AD41696C-2DAD-4F59-9246-94209F59002B}"
EndProject
Project("{FAE04EC0-301F-11D3-BF4B-00C04F79EFBC}") = "Common", "Common\Common.csproj", "{1F415F0C-252B-4B88-B084-ACB950358875}"
EndProject
Project("{FAE04EC0-301F-11D3-BF4B-00C04F79EFBC}") = "ApplicationServices", "ApplicationServices\ApplicationServices.csproj", "{7A77D72E-C6CF-4E8B-B7D2-003D9378D0B7}"
EndProject
Project("{2150E333-8FDC-42A3-9474-1A3956D46DE8}") = ".nuget", ".nuget", "{100979C7-0CBB-41E2-A01E-1D5B11757967}"
	ProjectSection(SolutionItems) = preProject
		.nuget\NuGet.Config = .nuget\NuGet.Config
		.nuget\NuGet.exe = .nuget\NuGet.exe
		.nuget\NuGet.targets = .nuget\NuGet.targets
		.nuget\packages.config = .nuget\packages.config
	EndProjectSection
EndProject
Project("{FAE04EC0-301F-11D3-BF4B-00C04F79EFBC}") = "BusinessLogicLayer", "BusinessLogicLayer\BusinessLogicLayer.csproj", "{533C4B86-60B9-47E3-9B25-F045D89473D6}"
EndProject
Project("{2150E333-8FDC-42A3-9474-1A3956D46DE8}") = "Code Coverage", "Code Coverage", "{1419126E-06A8-418C-A352-DB026C7CD95B}"
	ProjectSection(SolutionItems) = preProject
		runCoverage.cmd = runCoverage.cmd
	EndProjectSection
EndProject
Global
	GlobalSection(SolutionConfigurationPlatforms) = preSolution
		Debug|Any CPU = Debug|Any CPU
		Release|Any CPU = Release|Any CPU
	EndGlobalSection
	GlobalSection(ProjectConfigurationPlatforms) = postSolution
		{3BF838E6-4F8D-4F73-8CB2-C28ECD2DAA9D}.Debug|Any CPU.ActiveCfg = Debug|Any CPU
		{3BF838E6-4F8D-4F73-8CB2-C28ECD2DAA9D}.Debug|Any CPU.Build.0 = Debug|Any CPU
		{3BF838E6-4F8D-4F73-8CB2-C28ECD2DAA9D}.Release|Any CPU.ActiveCfg = Release|Any CPU
		{3BF838E6-4F8D-4F73-8CB2-C28ECD2DAA9D}.Release|Any CPU.Build.0 = Release|Any CPU
		{B7A9BC00-384B-42D9-8864-D133AF8D8B6D}.Debug|Any CPU.ActiveCfg = Debug|Any CPU
		{B7A9BC00-384B-42D9-8864-D133AF8D8B6D}.Debug|Any CPU.Build.0 = Debug|Any CPU
		{B7A9BC00-384B-42D9-8864-D133AF8D8B6D}.Release|Any CPU.ActiveCfg = Release|Any CPU
		{B7A9BC00-384B-42D9-8864-D133AF8D8B6D}.Release|Any CPU.Build.0 = Release|Any CPU
		{AD41696C-2DAD-4F59-9246-94209F59002B}.Debug|Any CPU.ActiveCfg = Debug|Any CPU
		{AD41696C-2DAD-4F59-9246-94209F59002B}.Debug|Any CPU.Build.0 = Debug|Any CPU
		{AD41696C-2DAD-4F59-9246-94209F59002B}.Release|Any CPU.ActiveCfg = Release|Any CPU
		{AD41696C-2DAD-4F59-9246-94209F59002B}.Release|Any CPU.Build.0 = Release|Any CPU
		{1F415F0C-252B-4B88-B084-ACB950358875}.Debug|Any CPU.ActiveCfg = Debug|Any CPU
		{1F415F0C-252B-4B88-B084-ACB950358875}.Debug|Any CPU.Build.0 = Debug|Any CPU
		{1F415F0C-252B-4B88-B084-ACB950358875}.Release|Any CPU.ActiveCfg = Release|Any CPU
		{1F415F0C-252B-4B88-B084-ACB950358875}.Release|Any CPU.Build.0 = Release|Any CPU
		{7A77D72E-C6CF-4E8B-B7D2-003D9378D0B7}.Debug|Any CPU.ActiveCfg = Debug|Any CPU
		{7A77D72E-C6CF-4E8B-B7D2-003D9378D0B7}.Debug|Any CPU.Build.0 = Debug|Any CPU
		{7A77D72E-C6CF-4E8B-B7D2-003D9378D0B7}.Release|Any CPU.ActiveCfg = Release|Any CPU
		{7A77D72E-C6CF-4E8B-B7D2-003D9378D0B7}.Release|Any CPU.Build.0 = Release|Any CPU
		{533C4B86-60B9-47E3-9B25-F045D89473D6}.Debug|Any CPU.ActiveCfg = Debug|Any CPU
		{533C4B86-60B9-47E3-9B25-F045D89473D6}.Debug|Any CPU.Build.0 = Debug|Any CPU
		{533C4B86-60B9-47E3-9B25-F045D89473D6}.Release|Any CPU.ActiveCfg = Release|Any CPU
		{533C4B86-60B9-47E3-9B25-F045D89473D6}.Release|Any CPU.Build.0 = Release|Any CPU
	EndGlobalSection
	GlobalSection(SolutionProperties) = preSolution
		HideSolutionNode = FALSE
	EndGlobalSection
EndGlobal
